// !$*UTF8*$!
{
	archiveVersion = 1;
	classes = {
	};
	objectVersion = 50;
	objects = {

/* Begin PBXBuildFile section */
		4A0FC7DB25DE3D8B008D746B /* AppDelegate.swift in Sources */ = {isa = PBXBuildFile; fileRef = 4A0FC7DA25DE3D8B008D746B /* AppDelegate.swift */; };
		4A0FC7DD25DE3D8B008D746B /* SceneDelegate.swift in Sources */ = {isa = PBXBuildFile; fileRef = 4A0FC7DC25DE3D8B008D746B /* SceneDelegate.swift */; };
		4A0FC7DF25DE3D8B008D746B /* ViewController.swift in Sources */ = {isa = PBXBuildFile; fileRef = 4A0FC7DE25DE3D8B008D746B /* ViewController.swift */; };
		4A0FC7E225DE3D8B008D746B /* Main.storyboard in Resources */ = {isa = PBXBuildFile; fileRef = 4A0FC7E025DE3D8B008D746B /* Main.storyboard */; };
		4A0FC7E425DE3D8F008D746B /* Assets.xcassets in Resources */ = {isa = PBXBuildFile; fileRef = 4A0FC7E325DE3D8F008D746B /* Assets.xcassets */; };
		4A0FC7E725DE3D8F008D746B /* LaunchScreen.storyboard in Resources */ = {isa = PBXBuildFile; fileRef = 4A0FC7E525DE3D8F008D746B /* LaunchScreen.storyboard */; };
		4A0FC7F225DE3D8F008D746B /* recentCommitsTests.swift in Sources */ = {isa = PBXBuildFile; fileRef = 4A0FC7F125DE3D8F008D746B /* recentCommitsTests.swift */; };
		4A0FC7FD25DE3D8F008D746B /* recentCommitsUITests.swift in Sources */ = {isa = PBXBuildFile; fileRef = 4A0FC7FC25DE3D8F008D746B /* recentCommitsUITests.swift */; };
/* End PBXBuildFile section */

/* Begin PBXContainerItemProxy section */
		4A0FC7EE25DE3D8F008D746B /* PBXContainerItemProxy */ = {
			isa = PBXContainerItemProxy;
			containerPortal = 4A0FC7CF25DE3D8A008D746B /* Project object */;
			proxyType = 1;
			remoteGlobalIDString = 4A0FC7D625DE3D8B008D746B;
			remoteInfo = recentCommits;
		};
		4A0FC7F925DE3D8F008D746B /* PBXContainerItemProxy */ = {
			isa = PBXContainerItemProxy;
			containerPortal = 4A0FC7CF25DE3D8A008D746B /* Project object */;
			proxyType = 1;
			remoteGlobalIDString = 4A0FC7D625DE3D8B008D746B;
			remoteInfo = recentCommits;
		};
/* End PBXContainerItemProxy section */

/* Begin PBXFileReference section */
		4A0FC7D725DE3D8B008D746B /* recentCommits.app */ = {isa = PBXFileReference; explicitFileType = wrapper.application; includeInIndex = 0; path = recentCommits.app; sourceTree = BUILT_PRODUCTS_DIR; };
		4A0FC7DA25DE3D8B008D746B /* AppDelegate.swift */ = {isa = PBXFileReference; lastKnownFileType = sourcecode.swift; path = AppDelegate.swift; sourceTree = "<group>"; };
		4A0FC7DC25DE3D8B008D746B /* SceneDelegate.swift */ = {isa = PBXFileReference; lastKnownFileType = sourcecode.swift; path = SceneDelegate.swift; sourceTree = "<group>"; };
		4A0FC7DE25DE3D8B008D746B /* ViewController.swift */ = {isa = PBXFileReference; lastKnownFileType = sourcecode.swift; path = ViewController.swift; sourceTree = "<group>"; };
		4A0FC7E125DE3D8B008D746B /* Base */ = {isa = PBXFileReference; lastKnownFileType = file.storyboard; name = Base; path = Base.lproj/Main.storyboard; sourceTree = "<group>"; };
		4A0FC7E325DE3D8F008D746B /* Assets.xcassets */ = {isa = PBXFileReference; lastKnownFileType = folder.assetcatalog; path = Assets.xcassets; sourceTree = "<group>"; };
		4A0FC7E625DE3D8F008D746B /* Base */ = {isa = PBXFileReference; lastKnownFileType = file.storyboard; name = Base; path = Base.lproj/LaunchScreen.storyboard; sourceTree = "<group>"; };
		4A0FC7E825DE3D8F008D746B /* Info.plist */ = {isa = PBXFileReference; lastKnownFileType = text.plist.xml; path = Info.plist; sourceTree = "<group>"; };
		4A0FC7ED25DE3D8F008D746B /* recentCommitsTests.xctest */ = {isa = PBXFileReference; explicitFileType = wrapper.cfbundle; includeInIndex = 0; path = recentCommitsTests.xctest; sourceTree = BUILT_PRODUCTS_DIR; };
		4A0FC7F125DE3D8F008D746B /* recentCommitsTests.swift */ = {isa = PBXFileReference; lastKnownFileType = sourcecode.swift; path = recentCommitsTests.swift; sourceTree = "<group>"; };
		4A0FC7F325DE3D8F008D746B /* Info.plist */ = {isa = PBXFileReference; lastKnownFileType = text.plist.xml; path = Info.plist; sourceTree = "<group>"; };
		4A0FC7F825DE3D8F008D746B /* recentCommitsUITests.xctest */ = {isa = PBXFileReference; explicitFileType = wrapper.cfbundle; includeInIndex = 0; path = recentCommitsUITests.xctest; sourceTree = BUILT_PRODUCTS_DIR; };
		4A0FC7FC25DE3D8F008D746B /* recentCommitsUITests.swift */ = {isa = PBXFileReference; lastKnownFileType = sourcecode.swift; path = recentCommitsUITests.swift; sourceTree = "<group>"; };
		4A0FC7FE25DE3D8F008D746B /* Info.plist */ = {isa = PBXFileReference; lastKnownFileType = text.plist.xml; path = Info.plist; sourceTree = "<group>"; };
/* End PBXFileReference section */

/* Begin PBXFrameworksBuildPhase section */
		4A0FC7D425DE3D8B008D746B /* Frameworks */ = {
			isa = PBXFrameworksBuildPhase;
			buildActionMask = 2147483647;
			files = (
			);
			runOnlyForDeploymentPostprocessing = 0;
		};
		4A0FC7EA25DE3D8F008D746B /* Frameworks */ = {
			isa = PBXFrameworksBuildPhase;
			buildActionMask = 2147483647;
			files = (
			);
			runOnlyForDeploymentPostprocessing = 0;
		};
		4A0FC7F525DE3D8F008D746B /* Frameworks */ = {
			isa = PBXFrameworksBuildPhase;
			buildActionMask = 2147483647;
			files = (
			);
			runOnlyForDeploymentPostprocessing = 0;
		};
/* End PBXFrameworksBuildPhase section */

/* Begin PBXGroup section */
		4A0FC7CE25DE3D8A008D746B = {
			isa = PBXGroup;
			children = (
				4A0FC7D925DE3D8B008D746B /* recentCommits */,
				4A0FC7F025DE3D8F008D746B /* recentCommitsTests */,
				4A0FC7FB25DE3D8F008D746B /* recentCommitsUITests */,
				4A0FC7D825DE3D8B008D746B /* Products */,
			);
			sourceTree = "<group>";
		};
		4A0FC7D825DE3D8B008D746B /* Products */ = {
			isa = PBXGroup;
			children = (
				4A0FC7D725DE3D8B008D746B /* recentCommits.app */,
				4A0FC7ED25DE3D8F008D746B /* recentCommitsTests.xctest */,
				4A0FC7F825DE3D8F008D746B /* recentCommitsUITests.xctest */,
			);
			name = Products;
			sourceTree = "<group>";
		};
		4A0FC7D925DE3D8B008D746B /* recentCommits */ = {
			isa = PBXGroup;
			children = (
				4A0FC7DA25DE3D8B008D746B /* AppDelegate.swift */,
				4A0FC7DC25DE3D8B008D746B /* SceneDelegate.swift */,
				4A0FC7DE25DE3D8B008D746B /* ViewController.swift */,
				4A0FC7E025DE3D8B008D746B /* Main.storyboard */,
				4A0FC7E325DE3D8F008D746B /* Assets.xcassets */,
				4A0FC7E525DE3D8F008D746B /* LaunchScreen.storyboard */,
				4A0FC7E825DE3D8F008D746B /* Info.plist */,
			);
			path = recentCommits;
			sourceTree = "<group>";
		};
		4A0FC7F025DE3D8F008D746B /* recentCommitsTests */ = {
			isa = PBXGroup;
			children = (
				4A0FC7F125DE3D8F008D746B /* recentCommitsTests.swift */,
				4A0FC7F325DE3D8F008D746B /* Info.plist */,
			);
			path = recentCommitsTests;
			sourceTree = "<group>";
		};
		4A0FC7FB25DE3D8F008D746B /* recentCommitsUITests */ = {
			isa = PBXGroup;
			children = (
				4A0FC7FC25DE3D8F008D746B /* recentCommitsUITests.swift */,
				4A0FC7FE25DE3D8F008D746B /* Info.plist */,
			);
			path = recentCommitsUITests;
			sourceTree = "<group>";
		};
/* End PBXGroup section */

/* Begin PBXNativeTarget section */
		4A0FC7D625DE3D8B008D746B /* recentCommits */ = {
			isa = PBXNativeTarget;
			buildConfigurationList = 4A0FC80125DE3D8F008D746B /* Build configuration list for PBXNativeTarget "recentCommits" */;
			buildPhases = (
				4A0FC7D325DE3D8B008D746B /* Sources */,
				4A0FC7D425DE3D8B008D746B /* Frameworks */,
				4A0FC7D525DE3D8B008D746B /* Resources */,
			);
			buildRules = (
			);
			dependencies = (
			);
			name = recentCommits;
			productName = recentCommits;
			productReference = 4A0FC7D725DE3D8B008D746B /* recentCommits.app */;
			productType = "com.apple.product-type.application";
		};
		4A0FC7EC25DE3D8F008D746B /* recentCommitsTests */ = {
			isa = PBXNativeTarget;
			buildConfigurationList = 4A0FC80425DE3D8F008D746B /* Build configuration list for PBXNativeTarget "recentCommitsTests" */;
			buildPhases = (
				4A0FC7E925DE3D8F008D746B /* Sources */,
				4A0FC7EA25DE3D8F008D746B /* Frameworks */,
				4A0FC7EB25DE3D8F008D746B /* Resources */,
			);
			buildRules = (
			);
			dependencies = (
				4A0FC7EF25DE3D8F008D746B /* PBXTargetDependency */,
			);
			name = recentCommitsTests;
			productName = recentCommitsTests;
			productReference = 4A0FC7ED25DE3D8F008D746B /* recentCommitsTests.xctest */;
			productType = "com.apple.product-type.bundle.unit-test";
		};
		4A0FC7F725DE3D8F008D746B /* recentCommitsUITests */ = {
			isa = PBXNativeTarget;
			buildConfigurationList = 4A0FC80725DE3D8F008D746B /* Build configuration list for PBXNativeTarget "recentCommitsUITests" */;
			buildPhases = (
				4A0FC7F425DE3D8F008D746B /* Sources */,
				4A0FC7F525DE3D8F008D746B /* Frameworks */,
				4A0FC7F625DE3D8F008D746B /* Resources */,
			);
			buildRules = (
			);
			dependencies = (
				4A0FC7FA25DE3D8F008D746B /* PBXTargetDependency */,
			);
			name = recentCommitsUITests;
			productName = recentCommitsUITests;
			productReference = 4A0FC7F825DE3D8F008D746B /* recentCommitsUITests.xctest */;
			productType = "com.apple.product-type.bundle.ui-testing";
		};
/* End PBXNativeTarget section */

/* Begin PBXProject section */
		4A0FC7CF25DE3D8A008D746B /* Project object */ = {
			isa = PBXProject;
			attributes = {
				LastSwiftUpdateCheck = 1240;
				LastUpgradeCheck = 1240;
				TargetAttributes = {
					4A0FC7D625DE3D8B008D746B = {
						CreatedOnToolsVersion = 12.4;
					};
					4A0FC7EC25DE3D8F008D746B = {
						CreatedOnToolsVersion = 12.4;
						TestTargetID = 4A0FC7D625DE3D8B008D746B;
					};
					4A0FC7F725DE3D8F008D746B = {
						CreatedOnToolsVersion = 12.4;
						TestTargetID = 4A0FC7D625DE3D8B008D746B;
					};
				};
			};
			buildConfigurationList = 4A0FC7D225DE3D8A008D746B /* Build configuration list for PBXProject "recentCommits" */;
			compatibilityVersion = "Xcode 9.3";
			developmentRegion = en;
			hasScannedForEncodings = 0;
			knownRegions = (
				en,
				Base,
			);
			mainGroup = 4A0FC7CE25DE3D8A008D746B;
			productRefGroup = 4A0FC7D825DE3D8B008D746B /* Products */;
			projectDirPath = "";
			projectRoot = "";
			targets = (
				4A0FC7D625DE3D8B008D746B /* recentCommits */,
				4A0FC7EC25DE3D8F008D746B /* recentCommitsTests */,
				4A0FC7F725DE3D8F008D746B /* recentCommitsUITests */,
			);
		};
/* End PBXProject section */

/* Begin PBXResourcesBuildPhase section */
		4A0FC7D525DE3D8B008D746B /* Resources */ = {
			isa = PBXResourcesBuildPhase;
			buildActionMask = 2147483647;
			files = (
				4A0FC7E725DE3D8F008D746B /* LaunchScreen.storyboard in Resources */,
				4A0FC7E425DE3D8F008D746B /* Assets.xcassets in Resources */,
				4A0FC7E225DE3D8B008D746B /* Main.storyboard in Resources */,
			);
			runOnlyForDeploymentPostprocessing = 0;
		};
		4A0FC7EB25DE3D8F008D746B /* Resources */ = {
			isa = PBXResourcesBuildPhase;
			buildActionMask = 2147483647;
			files = (
			);
			runOnlyForDeploymentPostprocessing = 0;
		};
		4A0FC7F625DE3D8F008D746B /* Resources */ = {
			isa = PBXResourcesBuildPhase;
			buildActionMask = 2147483647;
			files = (
			);
			runOnlyForDeploymentPostprocessing = 0;
		};
/* End PBXResourcesBuildPhase section */

/* Begin PBXSourcesBuildPhase section */
		4A0FC7D325DE3D8B008D746B /* Sources */ = {
			isa = PBXSourcesBuildPhase;
			buildActionMask = 2147483647;
			files = (
				4A0FC7DF25DE3D8B008D746B /* ViewController.swift in Sources */,
				4A0FC7DB25DE3D8B008D746B /* AppDelegate.swift in Sources */,
				4A0FC7DD25DE3D8B008D746B /* SceneDelegate.swift in Sources */,
			);
			runOnlyForDeploymentPostprocessing = 0;
		};
		4A0FC7E925DE3D8F008D746B /* Sources */ = {
			isa = PBXSourcesBuildPhase;
			buildActionMask = 2147483647;
			files = (
				4A0FC7F225DE3D8F008D746B /* recentCommitsTests.swift in Sources */,
			);
			runOnlyForDeploymentPostprocessing = 0;
		};
		4A0FC7F425DE3D8F008D746B /* Sources */ = {
			isa = PBXSourcesBuildPhase;
			buildActionMask = 2147483647;
			files = (
				4A0FC7FD25DE3D8F008D746B /* recentCommitsUITests.swift in Sources */,
			);
			runOnlyForDeploymentPostprocessing = 0;
		};
/* End PBXSourcesBuildPhase section */

/* Begin PBXTargetDependency section */
		4A0FC7EF25DE3D8F008D746B /* PBXTargetDependency */ = {
			isa = PBXTargetDependency;
			target = 4A0FC7D625DE3D8B008D746B /* recentCommits */;
			targetProxy = 4A0FC7EE25DE3D8F008D746B /* PBXContainerItemProxy */;
		};
		4A0FC7FA25DE3D8F008D746B /* PBXTargetDependency */ = {
			isa = PBXTargetDependency;
			target = 4A0FC7D625DE3D8B008D746B /* recentCommits */;
			targetProxy = 4A0FC7F925DE3D8F008D746B /* PBXContainerItemProxy */;
		};
/* End PBXTargetDependency section */

/* Begin PBXVariantGroup section */
		4A0FC7E025DE3D8B008D746B /* Main.storyboard */ = {
			isa = PBXVariantGroup;
			children = (
				4A0FC7E125DE3D8B008D746B /* Base */,
			);
			name = Main.storyboard;
			sourceTree = "<group>";
		};
		4A0FC7E525DE3D8F008D746B /* LaunchScreen.storyboard */ = {
			isa = PBXVariantGroup;
			children = (
				4A0FC7E625DE3D8F008D746B /* Base */,
			);
			name = LaunchScreen.storyboard;
			sourceTree = "<group>";
		};
/* End PBXVariantGroup section */

/* Begin XCBuildConfiguration section */
		4A0FC7FF25DE3D8F008D746B /* Debug */ = {
			isa = XCBuildConfiguration;
			buildSettings = {
				ALWAYS_SEARCH_USER_PATHS = NO;
				CLANG_ANALYZER_NONNULL = YES;
				CLANG_ANALYZER_NUMBER_OBJECT_CONVERSION = YES_AGGRESSIVE;
				CLANG_CXX_LANGUAGE_STANDARD = "gnu++14";
				CLANG_CXX_LIBRARY = "libc++";
				CLANG_ENABLE_MODULES = YES;
				CLANG_ENABLE_OBJC_ARC = YES;
				CLANG_ENABLE_OBJC_WEAK = YES;
				CLANG_WARN_BLOCK_CAPTURE_AUTORELEASING = YES;
				CLANG_WARN_BOOL_CONVERSION = YES;
				CLANG_WARN_COMMA = YES;
				CLANG_WARN_CONSTANT_CONVERSION = YES;
				CLANG_WARN_DEPRECATED_OBJC_IMPLEMENTATIONS = YES;
				CLANG_WARN_DIRECT_OBJC_ISA_USAGE = YES_ERROR;
				CLANG_WARN_DOCUMENTATION_COMMENTS = YES;
				CLANG_WARN_EMPTY_BODY = YES;
				CLANG_WARN_ENUM_CONVERSION = YES;
				CLANG_WARN_INFINITE_RECURSION = YES;
				CLANG_WARN_INT_CONVERSION = YES;
				CLANG_WARN_NON_LITERAL_NULL_CONVERSION = YES;
				CLANG_WARN_OBJC_IMPLICIT_RETAIN_SELF = YES;
				CLANG_WARN_OBJC_LITERAL_CONVERSION = YES;
				CLANG_WARN_OBJC_ROOT_CLASS = YES_ERROR;
				CLANG_WARN_QUOTED_INCLUDE_IN_FRAMEWORK_HEADER = YES;
				CLANG_WARN_RANGE_LOOP_ANALYSIS = YES;
				CLANG_WARN_STRICT_PROTOTYPES = YES;
				CLANG_WARN_SUSPICIOUS_MOVE = YES;
				CLANG_WARN_UNGUARDED_AVAILABILITY = YES_AGGRESSIVE;
				CLANG_WARN_UNREACHABLE_CODE = YES;
				CLANG_WARN__DUPLICATE_METHOD_MATCH = YES;
				COPY_PHASE_STRIP = NO;
				DEBUG_INFORMATION_FORMAT = dwarf;
				ENABLE_STRICT_OBJC_MSGSEND = YES;
				ENABLE_TESTABILITY = YES;
				GCC_C_LANGUAGE_STANDARD = gnu11;
				GCC_DYNAMIC_NO_PIC = NO;
				GCC_NO_COMMON_BLOCKS = YES;
				GCC_OPTIMIZATION_LEVEL = 0;
				GCC_PREPROCESSOR_DEFINITIONS = (
					"DEBUG=1",
					"$(inherited)",
				);
				GCC_WARN_64_TO_32_BIT_CONVERSION = YES;
				GCC_WARN_ABOUT_RETURN_TYPE = YES_ERROR;
				GCC_WARN_UNDECLARED_SELECTOR = YES;
				GCC_WARN_UNINITIALIZED_AUTOS = YES_AGGRESSIVE;
				GCC_WARN_UNUSED_FUNCTION = YES;
				GCC_WARN_UNUSED_VARIABLE = YES;
				IPHONEOS_DEPLOYMENT_TARGET = 14.4;
				MTL_ENABLE_DEBUG_INFO = INCLUDE_SOURCE;
				MTL_FAST_MATH = YES;
				ONLY_ACTIVE_ARCH = YES;
				SDKROOT = iphoneos;
				SWIFT_ACTIVE_COMPILATION_CONDITIONS = DEBUG;
				SWIFT_OPTIMIZATION_LEVEL = "-Onone";
			};
			name = Debug;
		};
		4A0FC80025DE3D8F008D746B /* Release */ = {
			isa = XCBuildConfiguration;
			buildSettings = {
				ALWAYS_SEARCH_USER_PATHS = NO;
				CLANG_ANALYZER_NONNULL = YES;
				CLANG_ANALYZER_NUMBER_OBJECT_CONVERSION = YES_AGGRESSIVE;
				CLANG_CXX_LANGUAGE_STANDARD = "gnu++14";
				CLANG_CXX_LIBRARY = "libc++";
				CLANG_ENABLE_MODULES = YES;
				CLANG_ENABLE_OBJC_ARC = YES;
				CLANG_ENABLE_OBJC_WEAK = YES;
				CLANG_WARN_BLOCK_CAPTURE_AUTORELEASING = YES;
				CLANG_WARN_BOOL_CONVERSION = YES;
				CLANG_WARN_COMMA = YES;
				CLANG_WARN_CONSTANT_CONVERSION = YES;
				CLANG_WARN_DEPRECATED_OBJC_IMPLEMENTATIONS = YES;
				CLANG_WARN_DIRECT_OBJC_ISA_USAGE = YES_ERROR;
				CLANG_WARN_DOCUMENTATION_COMMENTS = YES;
				CLANG_WARN_EMPTY_BODY = YES;
				CLANG_WARN_ENUM_CONVERSION = YES;
				CLANG_WARN_INFINITE_RECURSION = YES;
				CLANG_WARN_INT_CONVERSION = YES;
				CLANG_WARN_NON_LITERAL_NULL_CONVERSION = YES;
				CLANG_WARN_OBJC_IMPLICIT_RETAIN_SELF = YES;
				CLANG_WARN_OBJC_LITERAL_CONVERSION = YES;
				CLANG_WARN_OBJC_ROOT_CLASS = YES_ERROR;
				CLANG_WARN_QUOTED_INCLUDE_IN_FRAMEWORK_HEADER = YES;
				CLANG_WARN_RANGE_LOOP_ANALYSIS = YES;
				CLANG_WARN_STRICT_PROTOTYPES = YES;
				CLANG_WARN_SUSPICIOUS_MOVE = YES;
				CLANG_WARN_UNGUARDED_AVAILABILITY = YES_AGGRESSIVE;
				CLANG_WARN_UNREACHABLE_CODE = YES;
				CLANG_WARN__DUPLICATE_METHOD_MATCH = YES;
				COPY_PHASE_STRIP = NO;
				DEBUG_INFORMATION_FORMAT = "dwarf-with-dsym";
				ENABLE_NS_ASSERTIONS = NO;
				ENABLE_STRICT_OBJC_MSGSEND = YES;
				GCC_C_LANGUAGE_STANDARD = gnu11;
				GCC_NO_COMMON_BLOCKS = YES;
				GCC_WARN_64_TO_32_BIT_CONVERSION = YES;
				GCC_WARN_ABOUT_RETURN_TYPE = YES_ERROR;
				GCC_WARN_UNDECLARED_SELECTOR = YES;
				GCC_WARN_UNINITIALIZED_AUTOS = YES_AGGRESSIVE;
				GCC_WARN_UNUSED_FUNCTION = YES;
				GCC_WARN_UNUSED_VARIABLE = YES;
				IPHONEOS_DEPLOYMENT_TARGET = 14.4;
				MTL_ENABLE_DEBUG_INFO = NO;
				MTL_FAST_MATH = YES;
				SDKROOT = iphoneos;
				SWIFT_COMPILATION_MODE = wholemodule;
				SWIFT_OPTIMIZATION_LEVEL = "-O";
				VALIDATE_PRODUCT = YES;
			};
			name = Release;
		};
		4A0FC80225DE3D8F008D746B /* Debug */ = {
			isa = XCBuildConfiguration;
			buildSettings = {
				ASSETCATALOG_COMPILER_APPICON_NAME = AppIcon;
				ASSETCATALOG_COMPILER_GLOBAL_ACCENT_COLOR_NAME = AccentColor;
				CODE_SIGN_STYLE = Automatic;
				DEVELOPMENT_TEAM = RTA2C3JNK3;
				INFOPLIST_FILE = recentCommits/Info.plist;
				LD_RUNPATH_SEARCH_PATHS = (
					"$(inherited)",
					"@executable_path/Frameworks",
				);
				PRODUCT_BUNDLE_IDENTIFIER = com.crampsalot.recentCommits;
				PRODUCT_NAME = "$(TARGET_NAME)";
				SWIFT_VERSION = 5.0;
				TARGETED_DEVICE_FAMILY = "1,2";
			};
			name = Debug;
		};
		4A0FC80325DE3D8F008D746B /* Release */ = {
			isa = XCBuildConfiguration;
			buildSettings = {
				ASSETCATALOG_COMPILER_APPICON_NAME = AppIcon;
				ASSETCATALOG_COMPILER_GLOBAL_ACCENT_COLOR_NAME = AccentColor;
				CODE_SIGN_STYLE = Automatic;
				DEVELOPMENT_TEAM = RTA2C3JNK3;
				INFOPLIST_FILE = recentCommits/Info.plist;
				LD_RUNPATH_SEARCH_PATHS = (
					"$(inherited)",
					"@executable_path/Frameworks",
				);
				PRODUCT_BUNDLE_IDENTIFIER = com.crampsalot.recentCommits;
				PRODUCT_NAME = "$(TARGET_NAME)";
				SWIFT_VERSION = 5.0;
				TARGETED_DEVICE_FAMILY = "1,2";
			};
			name = Release;
		};
		4A0FC80525DE3D8F008D746B /* Debug */ = {
			isa = XCBuildConfiguration;
			buildSettings = {
				ALWAYS_EMBED_SWIFT_STANDARD_LIBRARIES = YES;
				BUNDLE_LOADER = "$(TEST_HOST)";
				CODE_SIGN_STYLE = Automatic;
				DEVELOPMENT_TEAM = RTA2C3JNK3;
				INFOPLIST_FILE = recentCommitsTests/Info.plist;
				IPHONEOS_DEPLOYMENT_TARGET = 14.4;
				LD_RUNPATH_SEARCH_PATHS = (
					"$(inherited)",
					"@executable_path/Frameworks",
					"@loader_path/Frameworks",
				);
				PRODUCT_BUNDLE_IDENTIFIER = com.crampsalot.recentCommitsTests;
				PRODUCT_NAME = "$(TARGET_NAME)";
				SWIFT_VERSION = 5.0;
				TARGETED_DEVICE_FAMILY = "1,2";
				TEST_HOST = "$(BUILT_PRODUCTS_DIR)/recentCommits.app/recentCommits";
			};
			name = Debug;
		};
		4A0FC80625DE3D8F008D746B /* Release */ = {
			isa = XCBuildConfiguration;
			buildSettings = {
				ALWAYS_EMBED_SWIFT_STANDARD_LIBRARIES = YES;
				BUNDLE_LOADER = "$(TEST_HOST)";
				CODE_SIGN_STYLE = Automatic;
				DEVELOPMENT_TEAM = RTA2C3JNK3;
				INFOPLIST_FILE = recentCommitsTests/Info.plist;
				IPHONEOS_DEPLOYMENT_TARGET = 14.4;
				LD_RUNPATH_SEARCH_PATHS = (
					"$(inherited)",
					"@executable_path/Frameworks",
					"@loader_path/Frameworks",
				);
				PRODUCT_BUNDLE_IDENTIFIER = com.crampsalot.recentCommitsTests;
				PRODUCT_NAME = "$(TARGET_NAME)";
				SWIFT_VERSION = 5.0;
				TARGETED_DEVICE_FAMILY = "1,2";
				TEST_HOST = "$(BUILT_PRODUCTS_DIR)/recentCommits.app/recentCommits";
			};
			name = Release;
		};
		4A0FC80825DE3D8F008D746B /* Debug */ = {
			isa = XCBuildConfiguration;
			buildSettings = {
				ALWAYS_EMBED_SWIFT_STANDARD_LIBRARIES = YES;
				CODE_SIGN_STYLE = Automatic;
				DEVELOPMENT_TEAM = RTA2C3JNK3;
				INFOPLIST_FILE = recentCommitsUITests/Info.plist;
				LD_RUNPATH_SEARCH_PATHS = (
					"$(inherited)",
					"@executable_path/Frameworks",
					"@loader_path/Frameworks",
				);
				PRODUCT_BUNDLE_IDENTIFIER = com.crampsalot.recentCommitsUITests;
				PRODUCT_NAME = "$(TARGET_NAME)";
				SWIFT_VERSION = 5.0;
				TARGETED_DEVICE_FAMILY = "1,2";
				TEST_TARGET_NAME = recentCommits;
			};
			name = Debug;
		};
		4A0FC80925DE3D8F008D746B /* Release */ = {
			isa = XCBuildConfiguration;
			buildSettings = {
				ALWAYS_EMBED_SWIFT_STANDARD_LIBRARIES = YES;
				CODE_SIGN_STYLE = Automatic;
				DEVELOPMENT_TEAM = RTA2C3JNK3;
				INFOPLIST_FILE = recentCommitsUITests/Info.plist;
				LD_RUNPATH_SEARCH_PATHS = (
					"$(inherited)",
					"@executable_path/Frameworks",
					"@loader_path/Frameworks",
				);
				PRODUCT_BUNDLE_IDENTIFIER = com.crampsalot.recentCommitsUITests;
				PRODUCT_NAME = "$(TARGET_NAME)";
				SWIFT_VERSION = 5.0;
				TARGETED_DEVICE_FAMILY = "1,2";
				TEST_TARGET_NAME = recentCommits;
			};
			name = Release;
		};
/* End XCBuildConfiguration section */

/* Begin XCConfigurationList section */
		4A0FC7D225DE3D8A008D746B /* Build configuration list for PBXProject "recentCommits" */ = {
			isa = XCConfigurationList;
			buildConfigurations = (
				4A0FC7FF25DE3D8F008D746B /* Debug */,
				4A0FC80025DE3D8F008D746B /* Release */,
			);
			defaultConfigurationIsVisible = 0;
			defaultConfigurationName = Release;
		};
		4A0FC80125DE3D8F008D746B /* Build configuration list for PBXNativeTarget "recentCommits" */ = {
			isa = XCConfigurationList;
			buildConfigurations = (
				4A0FC80225DE3D8F008D746B /* Debug */,
				4A0FC80325DE3D8F008D746B /* Release */,
			);
			defaultConfigurationIsVisible = 0;
			defaultConfigurationName = Release;
		};
		4A0FC80425DE3D8F008D746B /* Build configuration list for PBXNativeTarget "recentCommitsTests" */ = {
			isa = XCConfigurationList;
			buildConfigurations = (
				4A0FC80525DE3D8F008D746B /* Debug */,
				4A0FC80625DE3D8F008D746B /* Release */,
			);
			defaultConfigurationIsVisible = 0;
			defaultConfigurationName = Release;
		};
		4A0FC80725DE3D8F008D746B /* Build configuration list for PBXNativeTarget "recentCommitsUITests" */ = {
			isa = XCConfigurationList;
			buildConfigurations = (
				4A0FC80825DE3D8F008D746B /* Debug */,
				4A0FC80925DE3D8F008D746B /* Release */,
			);
			defaultConfigurationIsVisible = 0;
			defaultConfigurationName = Release;
		};
/* End XCConfigurationList section */
	};
	rootObject = 4A0FC7CF25DE3D8A008D746B /* Project object */;
}
